# This file is automatically @generated by Cargo.
# It is not intended for manual editing.
[[package]]
name = "adler32"
version = "1.2.0"
source = "registry+https://github.com/rust-lang/crates.io-index"
checksum = "aae1277d39aeec15cb388266ecc24b11c80469deae6067e17a1a7aa9e5c1f234"

[[package]]
name = "bitflags"
version = "1.3.2"
source = "registry+https://github.com/rust-lang/crates.io-index"
checksum = "bef38d45163c2f1dde094a7dfd33ccf595c92905c8f8f4fdc18d06fb1037718a"

[[package]]
name = "bitvec"
version = "0.21.2"
source = "registry+https://github.com/rust-lang/crates.io-index"
checksum = "470fbd40e959c961f16841fbf96edbbdcff766ead89a1ae2b53d22852be20998"
dependencies = [
 "funty",
 "radium",
 "tap",
 "wyz",
]

[[package]]
name = "byteorder"
version = "1.4.3"
source = "registry+https://github.com/rust-lang/crates.io-index"
checksum = "14c189c53d098945499cdfa7ecc63567cf3886b3332b312a5b4585d8d3a6a610"

[[package]]
name = "cc"
version = "1.0.72"
source = "registry+https://github.com/rust-lang/crates.io-index"
checksum = "22a9137b95ea06864e018375b72adfb7db6e6f68cfc8df5a04d00288050485ee"

[[package]]
name = "cfg-if"
version = "1.0.0"
source = "registry+https://github.com/rust-lang/crates.io-index"
checksum = "baf1de4339761588bc0619e3cbc0120ee582ebb74b53b4efbf79117bd2da40fd"

[[package]]
name = "crc32fast"
version = "1.3.2"
source = "registry+https://github.com/rust-lang/crates.io-index"
checksum = "b540bd8bc810d3885c6ea91e2018302f68baba2129ab3e88f32389ee9370880d"
dependencies = [
 "cfg-if",
]

[[package]]
name = "deflate"
version = "0.8.6"
source = "registry+https://github.com/rust-lang/crates.io-index"
checksum = "73770f8e1fe7d64df17ca66ad28994a0a623ea497fa69486e14984e715c5d174"
dependencies = [
 "adler32",
 "byteorder",
]

[[package]]
name = "funty"
version = "1.2.0"
source = "registry+https://github.com/rust-lang/crates.io-index"
checksum = "1847abb9cb65d566acd5942e94aea9c8f547ad02c98e1649326fc0e8910b8b1e"

[[package]]
name = "learnopengl-raytracer"
version = "0.1.0"
dependencies = [
 "bitvec",
 "miniquad",
 "png",
]

[[package]]
name = "libc"
version = "0.2.117"
source = "registry+https://github.com/rust-lang/crates.io-index"
checksum = "e74d72e0f9b65b5b4ca49a346af3976df0f9c61d550727f349ecd559f251a26c"

[[package]]
name = "miniquad"
version = "0.3.0-alpha.43"
source = "registry+https://github.com/rust-lang/crates.io-index"
checksum = "4b1edf0ba64f267a4cc0ba453d95da072bfa078d755917e1411e4dc20b729da8"
dependencies = [
 "sapp-android",
 "sapp-darwin",
 "sapp-dummy",
 "sapp-ios",
 "sapp-linux",
 "sapp-wasm",
 "sapp-windows",
]

[[package]]
name = "miniz_oxide"
version = "0.3.7"
source = "registry+https://github.com/rust-lang/crates.io-index"
checksum = "791daaae1ed6889560f8c4359194f56648355540573244a5448a83ba1ecc7435"
dependencies = [
 "adler32",
]

[[package]]
name = "ndk-sys"
version = "0.2.2"
source = "registry+https://github.com/rust-lang/crates.io-index"
checksum = "e1bcdd74c20ad5d95aacd60ef9ba40fdf77f767051040541df557b7a9b2a2121"

[[package]]
name = "png"
version = "0.16.8"
source = "registry+https://github.com/rust-lang/crates.io-index"
checksum = "3c3287920cb847dee3de33d301c463fba14dda99db24214ddf93f83d3021f4c6"
dependencies = [
 "bitflags",
 "crc32fast",
 "deflate",
 "miniz_oxide",
]

[[package]]
name = "radium"
version = "0.6.2"
source = "registry+https://github.com/rust-lang/crates.io-index"
checksum = "643f8f41a8ebc4c5dc4515c82bb8abd397b527fc20fd681b7c011c2aee5d44fb"

[[package]]
name = "sapp-android"
version = "0.1.10"
source = "registry+https://github.com/rust-lang/crates.io-index"
checksum = "9c0d0e6f562c01c533f693ac9c045d69cbeab24d2e16caaaa0e67d06ae6e0940"
dependencies = [
 "libc",
 "ndk-sys",
]

[[package]]
name = "sapp-darwin"
version = "0.1.7"
source = "registry+https://github.com/rust-lang/crates.io-index"
checksum = "fd874867dc35d9a42bba830cee0210702438082c7d6a39132ab420e6c20a5809"
dependencies = [
 "cc",
]

[[package]]
name = "sapp-dummy"
version = "0.1.5"
source = "registry+https://github.com/rust-lang/crates.io-index"
checksum = "66f1ad26a5b6c682b9ca27c66db9aa91002b8d98a82ac7101ded57285215a478"
dependencies = [
 "libc",
]

[[package]]
name = "sapp-ios"
version = "0.1.2"
source = "registry+https://github.com/rust-lang/crates.io-index"
checksum = "081e6e5261c9ac2e938979b6a854a53b439f065fc3c897205ce7e69d3028b4a9"
dependencies = [
 "cc",
]

[[package]]
name = "sapp-linux"
version = "0.1.13"
source = "registry+https://github.com/rust-lang/crates.io-index"
checksum = "bbdb2f8011955c62544d9e626a58333e788810d00bd7411d52b81611b92af142"
dependencies = [
 "libc",
]

[[package]]
name = "sapp-wasm"
version = "0.1.26"
source = "registry+https://github.com/rust-lang/crates.io-index"
checksum = "00e859e8645a3bcb85aecd40bab883438e4105f21b21bccbeac2348760f508bb"

[[package]]
name = "sapp-windows"
version = "0.2.19"
source = "registry+https://github.com/rust-lang/crates.io-index"
checksum = "f3e9a4ab4682752ffcbbacf87b44c75373479331dfe408432280d305e0563c9c"
dependencies = [
 "winapi",
]

[[package]]
name = "tap"
version = "1.0.1"
source = "registry+https://github.com/rust-lang/crates.io-index"
checksum = "55937e1799185b12863d447f42597ed69d9928686b8d88a1df17376a097d8369"

[[package]]
name = "winapi"
version = "0.3.9"
source = "registry+https://github.com/rust-lang/crates.io-index"
checksum = "5c839a674fcd7a98952e593242ea400abe93992746761e38641405d28b00f419"
dependencies = [
 "winapi-i686-pc-windows-gnu",
 "winapi-x86_64-pc-windows-gnu",
]

[[package]]
name = "winapi-i686-pc-windows-gnu"
version = "0.4.0"
source = "registry+https://github.com/rust-lang/crates.io-index"
checksum = "ac3b87c63620426dd9b991e5ce0329eff545bccbbb34f3be09ff6fb6ab51b7b6"

[[package]]
name = "winapi-x86_64-pc-windows-gnu"
version = "0.4.0"
source = "registry+https://github.com/rust-lang/crates.io-index"
checksum = "712e227841d057c1ee1cd2fb22fa7e5a5461ae8e48fa2ca79ec42cfc1931183f"

[[package]]
name = "wyz"
version = "0.2.0"
source = "registry+https://github.com/rust-lang/crates.io-index"
checksum = "85e60b0d1b5f99db2556934e21937020776a5d31520bf169e851ac44e6420214"
